// !$*UTF8*$!
{
	archiveVersion = 1;
	classes = {
	};
	objectVersion = 46;
	objects = {

/* Begin PBXBuildFile section */
		3A1FC0351D9514D6002708F4 /* AppDelegate.swift in Sources */ = {isa = PBXBuildFile; fileRef = 3A1FC0341D9514D6002708F4 /* AppDelegate.swift */; };
		3A1FC0371D9514D6002708F4 /* ViewController.swift in Sources */ = {isa = PBXBuildFile; fileRef = 3A1FC0361D9514D6002708F4 /* ViewController.swift */; };
		3A1FC03A1D9514D6002708F4 /* Main.storyboard in Resources */ = {isa = PBXBuildFile; fileRef = 3A1FC0381D9514D6002708F4 /* Main.storyboard */; };
		3A1FC03C1D9514D6002708F4 /* Assets.xcassets in Resources */ = {isa = PBXBuildFile; fileRef = 3A1FC03B1D9514D6002708F4 /* Assets.xcassets */; };
		3A1FC03F1D9514D6002708F4 /* LaunchScreen.storyboard in Resources */ = {isa = PBXBuildFile; fileRef = 3A1FC03D1D9514D6002708F4 /* LaunchScreen.storyboard */; };
		3A51D4AD1DAB8AE200BE0FA3 /* ActionSheet.swift in Sources */ = {isa = PBXBuildFile; fileRef = 3A51D4A91DAB8AE200BE0FA3 /* ActionSheet.swift */; };
		3A51D4AF1DAB8AE200BE0FA3 /* ActionSheetItem.swift in Sources */ = {isa = PBXBuildFile; fileRef = 3A51D4AB1DAB8AE200BE0FA3 /* ActionSheetItem.swift */; };
		3A51D4B01DAB8AE200BE0FA3 /* ActionSheetItemView.swift in Sources */ = {isa = PBXBuildFile; fileRef = 3A51D4AC1DAB8AE200BE0FA3 /* ActionSheetItemView.swift */; };
		3AF5AB341DAB93E60099C92F /* SimpleActionSheet.framework in Frameworks */ = {isa = PBXBuildFile; fileRef = 3AF5AB2B1DAB93E60099C92F /* SimpleActionSheet.framework */; };
		3AF5AB3B1DAB93E60099C92F /* SimpleActionSheetTests.swift in Sources */ = {isa = PBXBuildFile; fileRef = 3AF5AB3A1DAB93E60099C92F /* SimpleActionSheetTests.swift */; };
		3AF5AB3D1DAB93E60099C92F /* SimpleActionSheet.h in Headers */ = {isa = PBXBuildFile; fileRef = 3AF5AB2D1DAB93E60099C92F /* SimpleActionSheet.h */; settings = {ATTRIBUTES = (Public, ); }; };
		3AF5AB401DAB93E60099C92F /* SimpleActionSheet.framework in Frameworks */ = {isa = PBXBuildFile; fileRef = 3AF5AB2B1DAB93E60099C92F /* SimpleActionSheet.framework */; };
		3AF5AB411DAB93E60099C92F /* SimpleActionSheet.framework in Embed Frameworks */ = {isa = PBXBuildFile; fileRef = 3AF5AB2B1DAB93E60099C92F /* SimpleActionSheet.framework */; settings = {ATTRIBUTES = (CodeSignOnCopy, RemoveHeadersOnCopy, ); }; };
		3AF5AB491DAB94090099C92F /* ActionSheet.swift in Sources */ = {isa = PBXBuildFile; fileRef = 3A51D4A91DAB8AE200BE0FA3 /* ActionSheet.swift */; };
		3AF5AB4B1DAB94090099C92F /* ActionSheetItem.swift in Sources */ = {isa = PBXBuildFile; fileRef = 3A51D4AB1DAB8AE200BE0FA3 /* ActionSheetItem.swift */; };
		3AF5AB4C1DAB94090099C92F /* ActionSheetItemView.swift in Sources */ = {isa = PBXBuildFile; fileRef = 3A51D4AC1DAB8AE200BE0FA3 /* ActionSheetItemView.swift */; };
		3AF5ABC71DABA35A0099C92F /* ActionSheetExtension.swift in Sources */ = {isa = PBXBuildFile; fileRef = 3AF5ABC61DABA35A0099C92F /* ActionSheetExtension.swift */; };
/* End PBXBuildFile section */

/* Begin PBXContainerItemProxy section */
		3AF5AB351DAB93E60099C92F /* PBXContainerItemProxy */ = {
			isa = PBXContainerItemProxy;
			containerPortal = 3A1FC0291D9514D6002708F4 /* Project object */;
			proxyType = 1;
			remoteGlobalIDString = 3AF5AB2A1DAB93E60099C92F;
			remoteInfo = SimpleActionSheet;
		};
		3AF5AB371DAB93E60099C92F /* PBXContainerItemProxy */ = {
			isa = PBXContainerItemProxy;
			containerPortal = 3A1FC0291D9514D6002708F4 /* Project object */;
			proxyType = 1;
			remoteGlobalIDString = 3A1FC0301D9514D6002708F4;
			remoteInfo = CustomSheet;
		};
		3AF5AB3E1DAB93E60099C92F /* PBXContainerItemProxy */ = {
			isa = PBXContainerItemProxy;
			containerPortal = 3A1FC0291D9514D6002708F4 /* Project object */;
			proxyType = 1;
			remoteGlobalIDString = 3AF5AB2A1DAB93E60099C92F;
			remoteInfo = SimpleActionSheet;
		};
/* End PBXContainerItemProxy section */

/* Begin PBXCopyFilesBuildPhase section */
		3AF5AB451DAB93E60099C92F /* Embed Frameworks */ = {
			isa = PBXCopyFilesBuildPhase;
			buildActionMask = 2147483647;
			dstPath = "";
			dstSubfolderSpec = 10;
			files = (
				3AF5AB411DAB93E60099C92F /* SimpleActionSheet.framework in Embed Frameworks */,
			);
			name = "Embed Frameworks";
			runOnlyForDeploymentPostprocessing = 0;
		};
/* End PBXCopyFilesBuildPhase section */

/* Begin PBXFileReference section */
		3A1FC0311D9514D6002708F4 /* CustomSheet.app */ = {isa = PBXFileReference; explicitFileType = wrapper.application; includeInIndex = 0; path = CustomSheet.app; sourceTree = BUILT_PRODUCTS_DIR; };
		3A1FC0341D9514D6002708F4 /* AppDelegate.swift */ = {isa = PBXFileReference; lastKnownFileType = sourcecode.swift; path = AppDelegate.swift; sourceTree = "<group>"; };
		3A1FC0361D9514D6002708F4 /* ViewController.swift */ = {isa = PBXFileReference; lastKnownFileType = sourcecode.swift; path = ViewController.swift; sourceTree = "<group>"; };
		3A1FC0391D9514D6002708F4 /* Base */ = {isa = PBXFileReference; lastKnownFileType = file.storyboard; name = Base; path = Base.lproj/Main.storyboard; sourceTree = "<group>"; };
		3A1FC03B1D9514D6002708F4 /* Assets.xcassets */ = {isa = PBXFileReference; lastKnownFileType = folder.assetcatalog; path = Assets.xcassets; sourceTree = "<group>"; };
		3A1FC03E1D9514D6002708F4 /* Base */ = {isa = PBXFileReference; lastKnownFileType = file.storyboard; name = Base; path = Base.lproj/LaunchScreen.storyboard; sourceTree = "<group>"; };
		3A1FC0401D9514D6002708F4 /* Info.plist */ = {isa = PBXFileReference; lastKnownFileType = text.plist.xml; path = Info.plist; sourceTree = "<group>"; };
		3A51D4A91DAB8AE200BE0FA3 /* ActionSheet.swift */ = {isa = PBXFileReference; fileEncoding = 4; lastKnownFileType = sourcecode.swift; path = ActionSheet.swift; sourceTree = "<group>"; };
		3A51D4AB1DAB8AE200BE0FA3 /* ActionSheetItem.swift */ = {isa = PBXFileReference; fileEncoding = 4; lastKnownFileType = sourcecode.swift; path = ActionSheetItem.swift; sourceTree = "<group>"; };
		3A51D4AC1DAB8AE200BE0FA3 /* ActionSheetItemView.swift */ = {isa = PBXFileReference; fileEncoding = 4; lastKnownFileType = sourcecode.swift; path = ActionSheetItemView.swift; sourceTree = "<group>"; };
		3AF5AB2B1DAB93E60099C92F /* SimpleActionSheet.framework */ = {isa = PBXFileReference; explicitFileType = wrapper.framework; includeInIndex = 0; path = SimpleActionSheet.framework; sourceTree = BUILT_PRODUCTS_DIR; };
		3AF5AB2D1DAB93E60099C92F /* SimpleActionSheet.h */ = {isa = PBXFileReference; lastKnownFileType = sourcecode.c.h; path = SimpleActionSheet.h; sourceTree = "<group>"; };
		3AF5AB2E1DAB93E60099C92F /* Info.plist */ = {isa = PBXFileReference; lastKnownFileType = text.plist.xml; path = Info.plist; sourceTree = "<group>"; };
		3AF5AB331DAB93E60099C92F /* SimpleActionSheetTests.xctest */ = {isa = PBXFileReference; explicitFileType = wrapper.cfbundle; includeInIndex = 0; path = SimpleActionSheetTests.xctest; sourceTree = BUILT_PRODUCTS_DIR; };
		3AF5AB3A1DAB93E60099C92F /* SimpleActionSheetTests.swift */ = {isa = PBXFileReference; lastKnownFileType = sourcecode.swift; path = SimpleActionSheetTests.swift; sourceTree = "<group>"; };
		3AF5AB3C1DAB93E60099C92F /* Info.plist */ = {isa = PBXFileReference; lastKnownFileType = text.plist.xml; path = Info.plist; sourceTree = "<group>"; };
		3AF5ABC61DABA35A0099C92F /* ActionSheetExtension.swift */ = {isa = PBXFileReference; fileEncoding = 4; lastKnownFileType = sourcecode.swift; path = ActionSheetExtension.swift; sourceTree = "<group>"; };
/* End PBXFileReference section */

/* Begin PBXFrameworksBuildPhase section */
		3A1FC02E1D9514D6002708F4 /* Frameworks */ = {
			isa = PBXFrameworksBuildPhase;
			buildActionMask = 2147483647;
			files = (
				3AF5AB401DAB93E60099C92F /* SimpleActionSheet.framework in Frameworks */,
			);
			runOnlyForDeploymentPostprocessing = 0;
		};
		3AF5AB271DAB93E60099C92F /* Frameworks */ = {
			isa = PBXFrameworksBuildPhase;
			buildActionMask = 2147483647;
			files = (
			);
			runOnlyForDeploymentPostprocessing = 0;
		};
		3AF5AB301DAB93E60099C92F /* Frameworks */ = {
			isa = PBXFrameworksBuildPhase;
			buildActionMask = 2147483647;
			files = (
				3AF5AB341DAB93E60099C92F /* SimpleActionSheet.framework in Frameworks */,
			);
			runOnlyForDeploymentPostprocessing = 0;
		};
/* End PBXFrameworksBuildPhase section */

/* Begin PBXGroup section */
		3A1FC0281D9514D6002708F4 = {
			isa = PBXGroup;
			children = (
				3A1FC0331D9514D6002708F4 /* CustomSheet */,
				3AF5AB2C1DAB93E60099C92F /* SimpleActionSheet */,
				3AF5AB391DAB93E60099C92F /* SimpleActionSheetTests */,
				3A1FC0321D9514D6002708F4 /* Products */,
			);
			sourceTree = "<group>";
		};
		3A1FC0321D9514D6002708F4 /* Products */ = {
			isa = PBXGroup;
			children = (
				3A1FC0311D9514D6002708F4 /* CustomSheet.app */,
				3AF5AB2B1DAB93E60099C92F /* SimpleActionSheet.framework */,
				3AF5AB331DAB93E60099C92F /* SimpleActionSheetTests.xctest */,
			);
			name = Products;
			sourceTree = "<group>";
		};
		3A1FC0331D9514D6002708F4 /* CustomSheet */ = {
			isa = PBXGroup;
			children = (
				3A51D4A81DAB8AE200BE0FA3 /* Source */,
				3A1FC0341D9514D6002708F4 /* AppDelegate.swift */,
				3A1FC0361D9514D6002708F4 /* ViewController.swift */,
				3AF5ABC61DABA35A0099C92F /* ActionSheetExtension.swift */,
				3A1FC0381D9514D6002708F4 /* Main.storyboard */,
				3A1FC03B1D9514D6002708F4 /* Assets.xcassets */,
				3A1FC03D1D9514D6002708F4 /* LaunchScreen.storyboard */,
				3A1FC0401D9514D6002708F4 /* Info.plist */,
			);
			path = CustomSheet;
			sourceTree = "<group>";
		};
		3A51D4A81DAB8AE200BE0FA3 /* Source */ = {
			isa = PBXGroup;
			children = (
				3A51D4A91DAB8AE200BE0FA3 /* ActionSheet.swift */,
				3A51D4AB1DAB8AE200BE0FA3 /* ActionSheetItem.swift */,
				3A51D4AC1DAB8AE200BE0FA3 /* ActionSheetItemView.swift */,
			);
			path = Source;
			sourceTree = "<group>";
		};
		3AF5AB2C1DAB93E60099C92F /* SimpleActionSheet */ = {
			isa = PBXGroup;
			children = (
				3AF5AB2D1DAB93E60099C92F /* SimpleActionSheet.h */,
				3AF5AB2E1DAB93E60099C92F /* Info.plist */,
			);
			path = SimpleActionSheet;
			sourceTree = "<group>";
		};
		3AF5AB391DAB93E60099C92F /* SimpleActionSheetTests */ = {
			isa = PBXGroup;
			children = (
				3AF5AB3A1DAB93E60099C92F /* SimpleActionSheetTests.swift */,
				3AF5AB3C1DAB93E60099C92F /* Info.plist */,
			);
			path = SimpleActionSheetTests;
			sourceTree = "<group>";
		};
/* End PBXGroup section */

/* Begin PBXHeadersBuildPhase section */
		3AF5AB281DAB93E60099C92F /* Headers */ = {
			isa = PBXHeadersBuildPhase;
			buildActionMask = 2147483647;
			files = (
				3AF5AB3D1DAB93E60099C92F /* SimpleActionSheet.h in Headers */,
			);
			runOnlyForDeploymentPostprocessing = 0;
		};
/* End PBXHeadersBuildPhase section */

/* Begin PBXNativeTarget section */
		3A1FC0301D9514D6002708F4 /* CustomSheet */ = {
			isa = PBXNativeTarget;
			buildConfigurationList = 3A1FC0591D9514D6002708F4 /* Build configuration list for PBXNativeTarget "CustomSheet" */;
			buildPhases = (
				3A1FC02D1D9514D6002708F4 /* Sources */,
				3A1FC02E1D9514D6002708F4 /* Frameworks */,
				3A1FC02F1D9514D6002708F4 /* Resources */,
				3AF5AB451DAB93E60099C92F /* Embed Frameworks */,
			);
			buildRules = (
			);
			dependencies = (
				3AF5AB3F1DAB93E60099C92F /* PBXTargetDependency */,
			);
			name = CustomSheet;
			productName = CustomSheet;
			productReference = 3A1FC0311D9514D6002708F4 /* CustomSheet.app */;
			productType = "com.apple.product-type.application";
		};
		3AF5AB2A1DAB93E60099C92F /* SimpleActionSheet */ = {
			isa = PBXNativeTarget;
			buildConfigurationList = 3AF5AB421DAB93E60099C92F /* Build configuration list for PBXNativeTarget "SimpleActionSheet" */;
			buildPhases = (
				3AF5AB261DAB93E60099C92F /* Sources */,
				3AF5AB271DAB93E60099C92F /* Frameworks */,
				3AF5AB281DAB93E60099C92F /* Headers */,
				3AF5AB291DAB93E60099C92F /* Resources */,
			);
			buildRules = (
			);
			dependencies = (
			);
			name = SimpleActionSheet;
			productName = SimpleActionSheet;
			productReference = 3AF5AB2B1DAB93E60099C92F /* SimpleActionSheet.framework */;
			productType = "com.apple.product-type.framework";
		};
		3AF5AB321DAB93E60099C92F /* SimpleActionSheetTests */ = {
			isa = PBXNativeTarget;
			buildConfigurationList = 3AF5AB461DAB93E60099C92F /* Build configuration list for PBXNativeTarget "SimpleActionSheetTests" */;
			buildPhases = (
				3AF5AB2F1DAB93E60099C92F /* Sources */,
				3AF5AB301DAB93E60099C92F /* Frameworks */,
				3AF5AB311DAB93E60099C92F /* Resources */,
			);
			buildRules = (
			);
			dependencies = (
				3AF5AB361DAB93E60099C92F /* PBXTargetDependency */,
				3AF5AB381DAB93E60099C92F /* PBXTargetDependency */,
			);
			name = SimpleActionSheetTests;
			productName = SimpleActionSheetTests;
			productReference = 3AF5AB331DAB93E60099C92F /* SimpleActionSheetTests.xctest */;
			productType = "com.apple.product-type.bundle.unit-test";
		};
/* End PBXNativeTarget section */

/* Begin PBXProject section */
		3A1FC0291D9514D6002708F4 /* Project object */ = {
			isa = PBXProject;
			attributes = {
				LastSwiftUpdateCheck = 0810;
				LastUpgradeCheck = 0810;
				ORGANIZATIONNAME = wuguanyu;
				TargetAttributes = {
					3A1FC0301D9514D6002708F4 = {
						CreatedOnToolsVersion = 7.3.1;
						LastSwiftMigration = 0810;
					};
					3AF5AB2A1DAB93E60099C92F = {
						CreatedOnToolsVersion = 8.1;
						ProvisioningStyle = Automatic;
					};
					3AF5AB321DAB93E60099C92F = {
						CreatedOnToolsVersion = 8.1;
						ProvisioningStyle = Automatic;
						TestTargetID = 3A1FC0301D9514D6002708F4;
					};
				};
			};
			buildConfigurationList = 3A1FC02C1D9514D6002708F4 /* Build configuration list for PBXProject "CustomSheet" */;
			compatibilityVersion = "Xcode 3.2";
			developmentRegion = English;
			hasScannedForEncodings = 0;
			knownRegions = (
				en,
				Base,
			);
			mainGroup = 3A1FC0281D9514D6002708F4;
			productRefGroup = 3A1FC0321D9514D6002708F4 /* Products */;
			projectDirPath = "";
			projectRoot = "";
			targets = (
				3A1FC0301D9514D6002708F4 /* CustomSheet */,
				3AF5AB2A1DAB93E60099C92F /* SimpleActionSheet */,
				3AF5AB321DAB93E60099C92F /* SimpleActionSheetTests */,
			);
		};
/* End PBXProject section */

/* Begin PBXResourcesBuildPhase section */
		3A1FC02F1D9514D6002708F4 /* Resources */ = {
			isa = PBXResourcesBuildPhase;
			buildActionMask = 2147483647;
			files = (
				3A1FC03F1D9514D6002708F4 /* LaunchScreen.storyboard in Resources */,
				3A1FC03C1D9514D6002708F4 /* Assets.xcassets in Resources */,
				3A1FC03A1D9514D6002708F4 /* Main.storyboard in Resources */,
			);
			runOnlyForDeploymentPostprocessing = 0;
		};
		3AF5AB291DAB93E60099C92F /* Resources */ = {
			isa = PBXResourcesBuildPhase;
			buildActionMask = 2147483647;
			files = (
			);
			runOnlyForDeploymentPostprocessing = 0;
		};
		3AF5AB311DAB93E60099C92F /* Resources */ = {
			isa = PBXResourcesBuildPhase;
			buildActionMask = 2147483647;
			files = (
			);
			runOnlyForDeploymentPostprocessing = 0;
		};
/* End PBXResourcesBuildPhase section */

/* Begin PBXSourcesBuildPhase section */
		3A1FC02D1D9514D6002708F4 /* Sources */ = {
			isa = PBXSourcesBuildPhase;
			buildActionMask = 2147483647;
			files = (
				3A51D4AF1DAB8AE200BE0FA3 /* ActionSheetItem.swift in Sources */,
				3A1FC0371D9514D6002708F4 /* ViewController.swift in Sources */,
				3A51D4B01DAB8AE200BE0FA3 /* ActionSheetItemView.swift in Sources */,
				3A51D4AD1DAB8AE200BE0FA3 /* ActionSheet.swift in Sources */,
				3A1FC0351D9514D6002708F4 /* AppDelegate.swift in Sources */,
				3AF5ABC71DABA35A0099C92F /* ActionSheetExtension.swift in Sources */,
			);
			runOnlyForDeploymentPostprocessing = 0;
		};
		3AF5AB261DAB93E60099C92F /* Sources */ = {
			isa = PBXSourcesBuildPhase;
			buildActionMask = 2147483647;
			files = (
				3AF5AB491DAB94090099C92F /* ActionSheet.swift in Sources */,
				3AF5AB4B1DAB94090099C92F /* ActionSheetItem.swift in Sources */,
				3AF5AB4C1DAB94090099C92F /* ActionSheetItemView.swift in Sources */,
			);
			runOnlyForDeploymentPostprocessing = 0;
		};
		3AF5AB2F1DAB93E60099C92F /* Sources */ = {
			isa = PBXSourcesBuildPhase;
			buildActionMask = 2147483647;
			files = (
				3AF5AB3B1DAB93E60099C92F /* SimpleActionSheetTests.swift in Sources */,
			);
			runOnlyForDeploymentPostprocessing = 0;
		};
/* End PBXSourcesBuildPhase section */

/* Begin PBXTargetDependency section */
		3AF5AB361DAB93E60099C92F /* PBXTargetDependency */ = {
			isa = PBXTargetDependency;
			target = 3AF5AB2A1DAB93E60099C92F /* SimpleActionSheet */;
			targetProxy = 3AF5AB351DAB93E60099C92F /* PBXContainerItemProxy */;
		};
		3AF5AB381DAB93E60099C92F /* PBXTargetDependency */ = {
			isa = PBXTargetDependency;
			target = 3A1FC0301D9514D6002708F4 /* CustomSheet */;
			targetProxy = 3AF5AB371DAB93E60099C92F /* PBXContainerItemProxy */;
		};
		3AF5AB3F1DAB93E60099C92F /* PBXTargetDependency */ = {
			isa = PBXTargetDependency;
			target = 3AF5AB2A1DAB93E60099C92F /* SimpleActionSheet */;
			targetProxy = 3AF5AB3E1DAB93E60099C92F /* PBXContainerItemProxy */;
		};
/* End PBXTargetDependency section */

/* Begin PBXVariantGroup section */
		3A1FC0381D9514D6002708F4 /* Main.storyboard */ = {
			isa = PBXVariantGroup;
			children = (
				3A1FC0391D9514D6002708F4 /* Base */,
			);
			name = Main.storyboard;
			sourceTree = "<group>";
		};
		3A1FC03D1D9514D6002708F4 /* LaunchScreen.storyboard */ = {
			isa = PBXVariantGroup;
			children = (
				3A1FC03E1D9514D6002708F4 /* Base */,
			);
			name = LaunchScreen.storyboard;
			sourceTree = "<group>";
		};
/* End PBXVariantGroup section */

/* Begin XCBuildConfiguration section */
		3A1FC0571D9514D6002708F4 /* Debug */ = {
			isa = XCBuildConfiguration;
			buildSettings = {
				ALWAYS_SEARCH_USER_PATHS = NO;
				CLANG_ANALYZER_NONNULL = YES;
				CLANG_CXX_LANGUAGE_STANDARD = "gnu++0x";
				CLANG_CXX_LIBRARY = "libc++";
				CLANG_ENABLE_MODULES = YES;
				CLANG_ENABLE_OBJC_ARC = YES;
				CLANG_WARN_BOOL_CONVERSION = YES;
				CLANG_WARN_CONSTANT_CONVERSION = YES;
				CLANG_WARN_DIRECT_OBJC_ISA_USAGE = YES_ERROR;
				CLANG_WARN_EMPTY_BODY = YES;
				CLANG_WARN_ENUM_CONVERSION = YES;
				CLANG_WARN_INFINITE_RECURSION = YES;
				CLANG_WARN_INT_CONVERSION = YES;
				CLANG_WARN_OBJC_ROOT_CLASS = YES_ERROR;
				CLANG_WARN_SUSPICIOUS_MOVE = YES;
				CLANG_WARN_UNREACHABLE_CODE = YES;
				CLANG_WARN__DUPLICATE_METHOD_MATCH = YES;
				"CODE_SIGN_IDENTITY[sdk=iphoneos*]" = "iPhone Developer";
				COPY_PHASE_STRIP = NO;
				DEBUG_INFORMATION_FORMAT = dwarf;
				ENABLE_STRICT_OBJC_MSGSEND = YES;
				ENABLE_TESTABILITY = YES;
				GCC_C_LANGUAGE_STANDARD = gnu99;
				GCC_DYNAMIC_NO_PIC = NO;
				GCC_NO_COMMON_BLOCKS = YES;
				GCC_OPTIMIZATION_LEVEL = 0;
				GCC_PREPROCESSOR_DEFINITIONS = (
					"DEBUG=1",
					"$(inherited)",
				);
				GCC_WARN_64_TO_32_BIT_CONVERSION = YES;
				GCC_WARN_ABOUT_RETURN_TYPE = YES_ERROR;
				GCC_WARN_UNDECLARED_SELECTOR = YES;
				GCC_WARN_UNINITIALIZED_AUTOS = YES_AGGRESSIVE;
				GCC_WARN_UNUSED_FUNCTION = YES;
				GCC_WARN_UNUSED_VARIABLE = YES;
				IPHONEOS_DEPLOYMENT_TARGET = 9.3;
				MTL_ENABLE_DEBUG_INFO = YES;
				ONLY_ACTIVE_ARCH = YES;
				SDKROOT = iphoneos;
				SWIFT_OPTIMIZATION_LEVEL = "-Onone";
				TARGETED_DEVICE_FAMILY = "1,2";
			};
			name = Debug;
		};
		3A1FC0581D9514D6002708F4 /* Release */ = {
			isa = XCBuildConfiguration;
			buildSettings = {
				ALWAYS_SEARCH_USER_PATHS = NO;
				CLANG_ANALYZER_NONNULL = YES;
				CLANG_CXX_LANGUAGE_STANDARD = "gnu++0x";
				CLANG_CXX_LIBRARY = "libc++";
				CLANG_ENABLE_MODULES = YES;
				CLANG_ENABLE_OBJC_ARC = YES;
				CLANG_WARN_BOOL_CONVERSION = YES;
				CLANG_WARN_CONSTANT_CONVERSION = YES;
				CLANG_WARN_DIRECT_OBJC_ISA_USAGE = YES_ERROR;
				CLANG_WARN_EMPTY_BODY = YES;
				CLANG_WARN_ENUM_CONVERSION = YES;
				CLANG_WARN_INFINITE_RECURSION = YES;
				CLANG_WARN_INT_CONVERSION = YES;
				CLANG_WARN_OBJC_ROOT_CLASS = YES_ERROR;
				CLANG_WARN_SUSPICIOUS_MOVE = YES;
				CLANG_WARN_UNREACHABLE_CODE = YES;
				CLANG_WARN__DUPLICATE_METHOD_MATCH = YES;
				"CODE_SIGN_IDENTITY[sdk=iphoneos*]" = "iPhone Developer";
				COPY_PHASE_STRIP = NO;
				DEBUG_INFORMATION_FORMAT = "dwarf-with-dsym";
				ENABLE_NS_ASSERTIONS = NO;
				ENABLE_STRICT_OBJC_MSGSEND = YES;
				GCC_C_LANGUAGE_STANDARD = gnu99;
				GCC_NO_COMMON_BLOCKS = YES;
				GCC_WARN_64_TO_32_BIT_CONVERSION = YES;
				GCC_WARN_ABOUT_RETURN_TYPE = YES_ERROR;
				GCC_WARN_UNDECLARED_SELECTOR = YES;
				GCC_WARN_UNINITIALIZED_AUTOS = YES_AGGRESSIVE;
				GCC_WARN_UNUSED_FUNCTION = YES;
				GCC_WARN_UNUSED_VARIABLE = YES;
				IPHONEOS_DEPLOYMENT_TARGET = 9.3;
				MTL_ENABLE_DEBUG_INFO = NO;
				SDKROOT = iphoneos;
				SWIFT_OPTIMIZATION_LEVEL = "-Owholemodule";
				TARGETED_DEVICE_FAMILY = "1,2";
				VALIDATE_PRODUCT = YES;
			};
			name = Release;
		};
		3A1FC05A1D9514D6002708F4 /* Debug */ = {
			isa = XCBuildConfiguration;
			buildSettings = {
				ALWAYS_EMBED_SWIFT_STANDARD_LIBRARIES = YES;
				ASSETCATALOG_COMPILER_APPICON_NAME = AppIcon;
				INFOPLIST_FILE = CustomSheet/Info.plist;
				LD_RUNPATH_SEARCH_PATHS = "$(inherited) @executable_path/Frameworks";
				PRODUCT_BUNDLE_IDENTIFIER = D.CustomSheet;
				PRODUCT_NAME = "$(TARGET_NAME)";
				SWIFT_VERSION = 3.0;
			};
			name = Debug;
		};
		3A1FC05B1D9514D6002708F4 /* Release */ = {
			isa = XCBuildConfiguration;
			buildSettings = {
				ALWAYS_EMBED_SWIFT_STANDARD_LIBRARIES = YES;
				ASSETCATALOG_COMPILER_APPICON_NAME = AppIcon;
				INFOPLIST_FILE = CustomSheet/Info.plist;
				LD_RUNPATH_SEARCH_PATHS = "$(inherited) @executable_path/Frameworks";
				PRODUCT_BUNDLE_IDENTIFIER = D.CustomSheet;
				PRODUCT_NAME = "$(TARGET_NAME)";
				SWIFT_VERSION = 3.0;
			};
			name = Release;
		};
		3AF5AB431DAB93E60099C92F /* Debug */ = {
			isa = XCBuildConfiguration;
			buildSettings = {
				CLANG_WARN_DOCUMENTATION_COMMENTS = YES;
				CLANG_WARN_SUSPICIOUS_MOVES = YES;
				CODE_SIGN_IDENTITY = "";
				CURRENT_PROJECT_VERSION = 1;
				DEFINES_MODULE = YES;
				DYLIB_COMPATIBILITY_VERSION = 1;
				DYLIB_CURRENT_VERSION = 1;
				DYLIB_INSTALL_NAME_BASE = "@rpath";
				INFOPLIST_FILE = SimpleActionSheet/Info.plist;
				INSTALL_PATH = "$(LOCAL_LIBRARY_DIR)/Frameworks";
				IPHONEOS_DEPLOYMENT_TARGET = 10.1;
				LD_RUNPATH_SEARCH_PATHS = "$(inherited) @executable_path/Frameworks @loader_path/Frameworks";
				PRODUCT_BUNDLE_IDENTIFIER = D.SimpleActionSheet;
				PRODUCT_NAME = "$(TARGET_NAME)";
				SKIP_INSTALL = YES;
				SWIFT_ACTIVE_COMPILATION_CONDITIONS = DEBUG;
				SWIFT_VERSION = 3.0;
				VERSIONING_SYSTEM = "apple-generic";
				VERSION_INFO_PREFIX = "";
			};
			name = Debug;
		};
		3AF5AB441DAB93E60099C92F /* Release */ = {
			isa = XCBuildConfiguration;
			buildSettings = {
				CLANG_WARN_DOCUMENTATION_COMMENTS = YES;
				CLANG_WARN_SUSPICIOUS_MOVES = YES;
				CODE_SIGN_IDENTITY = "";
				CURRENT_PROJECT_VERSION = 1;
				DEFINES_MODULE = YES;
				DYLIB_COMPATIBILITY_VERSION = 1;
				DYLIB_CURRENT_VERSION = 1;
				DYLIB_INSTALL_NAME_BASE = "@rpath";
				INFOPLIST_FILE = SimpleActionSheet/Info.plist;
				INSTALL_PATH = "$(LOCAL_LIBRARY_DIR)/Frameworks";
				IPHONEOS_DEPLOYMENT_TARGET = 10.1;
				LD_RUNPATH_SEARCH_PATHS = "$(inherited) @executable_path/Frameworks @loader_path/Frameworks";
				PRODUCT_BUNDLE_IDENTIFIER = D.SimpleActionSheet;
				PRODUCT_NAME = "$(TARGET_NAME)";
				SKIP_INSTALL = YES;
				SWIFT_VERSION = 3.0;
				VERSIONING_SYSTEM = "apple-generic";
				VERSION_INFO_PREFIX = "";
			};
			name = Release;
		};
		3AF5AB471DAB93E60099C92F /* Debug */ = {
			isa = XCBuildConfiguration;
			buildSettings = {
				ALWAYS_EMBED_SWIFT_STANDARD_LIBRARIES = YES;
				CLANG_WARN_DOCUMENTATION_COMMENTS = YES;
				CLANG_WARN_SUSPICIOUS_MOVES = YES;
				INFOPLIST_FILE = SimpleActionSheetTests/Info.plist;
				IPHONEOS_DEPLOYMENT_TARGET = 10.1;
				LD_RUNPATH_SEARCH_PATHS = "$(inherited) @executable_path/Frameworks @loader_path/Frameworks";
				PRODUCT_BUNDLE_IDENTIFIER = D.SimpleActionSheetTests;
				PRODUCT_NAME = "$(TARGET_NAME)";
				SWIFT_ACTIVE_COMPILATION_CONDITIONS = DEBUG;
				SWIFT_VERSION = 3.0;
				TEST_HOST = "$(BUILT_PRODUCTS_DIR)/CustomSheet.app/CustomSheet";
			};
			name = Debug;
		};
		3AF5AB481DAB93E60099C92F /* Release */ = {
			isa = XCBuildConfiguration;
			buildSettings = {
				ALWAYS_EMBED_SWIFT_STANDARD_LIBRARIES = YES;
				CLANG_WARN_DOCUMENTATION_COMMENTS = YES;
				CLANG_WARN_SUSPICIOUS_MOVES = YES;
				INFOPLIST_FILE = SimpleActionSheetTests/Info.plist;
				IPHONEOS_DEPLOYMENT_TARGET = 10.1;
				LD_RUNPATH_SEARCH_PATHS = "$(inherited) @executable_path/Frameworks @loader_path/Frameworks";
				PRODUCT_BUNDLE_IDENTIFIER = D.SimpleActionSheetTests;
				PRODUCT_NAME = "$(TARGET_NAME)";
				SWIFT_VERSION = 3.0;
				TEST_HOST = "$(BUILT_PRODUCTS_DIR)/CustomSheet.app/CustomSheet";
			};
			name = Release;
		};
/* End XCBuildConfiguration section */

/* Begin XCConfigurationList section */
		3A1FC02C1D9514D6002708F4 /* Build configuration list for PBXProject "CustomSheet" */ = {
			isa = XCConfigurationList;
			buildConfigurations = (
				3A1FC0571D9514D6002708F4 /* Debug */,
				3A1FC0581D9514D6002708F4 /* Release */,
			);
			defaultConfigurationIsVisible = 0;
			defaultConfigurationName = Release;
		};
		3A1FC0591D9514D6002708F4 /* Build configuration list for PBXNativeTarget "CustomSheet" */ = {
			isa = XCConfigurationList;
			buildConfigurations = (
				3A1FC05A1D9514D6002708F4 /* Debug */,
				3A1FC05B1D9514D6002708F4 /* Release */,
			);
			defaultConfigurationIsVisible = 0;
			defaultConfigurationName = Release;
		};
		3AF5AB421DAB93E60099C92F /* Build configuration list for PBXNativeTarget "SimpleActionSheet" */ = {
			isa = XCConfigurationList;
			buildConfigurations = (
				3AF5AB431DAB93E60099C92F /* Debug */,
				3AF5AB441DAB93E60099C92F /* Release */,
			);
			defaultConfigurationIsVisible = 0;
		};
		3AF5AB461DAB93E60099C92F /* Build configuration list for PBXNativeTarget "SimpleActionSheetTests" */ = {
			isa = XCConfigurationList;
			buildConfigurations = (
				3AF5AB471DAB93E60099C92F /* Debug */,
				3AF5AB481DAB93E60099C92F /* Release */,
			);
			defaultConfigurationIsVisible = 0;
		};
/* End XCConfigurationList section */
	};
	rootObject = 3A1FC0291D9514D6002708F4 /* Project object */;
}
